// !$*UTF8*$!
{
	archiveVersion = 1;
	classes = {
	};
	objectVersion = 46;
	objects = {

/* Begin PBXBuildFile section */
		B54B38D91C45597D00C01729 /* main.m in Sources */ = {isa = PBXBuildFile; fileRef = B54B38D81C45597D00C01729 /* main.m */; };
		B54B38DC1C45597D00C01729 /* AppDelegate.m in Sources */ = {isa = PBXBuildFile; fileRef = B54B38DB1C45597D00C01729 /* AppDelegate.m */; };
		B54B38DF1C45597D00C01729 /* ViewController.m in Sources */ = {isa = PBXBuildFile; fileRef = B54B38DE1C45597D00C01729 /* ViewController.m */; };
		B54B38E21C45597D00C01729 /* Main.storyboard in Resources */ = {isa = PBXBuildFile; fileRef = B54B38E01C45597D00C01729 /* Main.storyboard */; };
		B54B38E41C45597D00C01729 /* Assets.xcassets in Resources */ = {isa = PBXBuildFile; fileRef = B54B38E31C45597D00C01729 /* Assets.xcassets */; };
		B54B38E71C45597D00C01729 /* LaunchScreen.storyboard in Resources */ = {isa = PBXBuildFile; fileRef = B54B38E51C45597D00C01729 /* LaunchScreen.storyboard */; };
		B5EBD4EB1C46468000ACB338 /* SuCollectionViewCell.m in Sources */ = {isa = PBXBuildFile; fileRef = B5EBD4EA1C46468000ACB338 /* SuCollectionViewCell.m */; };
		B5EBD4F61C4646CD00ACB338 /* Channel.plist in Resources */ = {isa = PBXBuildFile; fileRef = B5EBD4ED1C4646CD00ACB338 /* Channel.plist */; };
		B5EBD4F71C4646CD00ACB338 /* logo_0.jpg in Resources */ = {isa = PBXBuildFile; fileRef = B5EBD4EE1C4646CD00ACB338 /* logo_0.jpg */; };
		B5EBD4F81C4646CD00ACB338 /* logo_1.jpg in Resources */ = {isa = PBXBuildFile; fileRef = B5EBD4EF1C4646CD00ACB338 /* logo_1.jpg */; };
		B5EBD4F91C4646CD00ACB338 /* logo_2.jpg in Resources */ = {isa = PBXBuildFile; fileRef = B5EBD4F01C4646CD00ACB338 /* logo_2.jpg */; };
		B5EBD4FA1C4646CD00ACB338 /* logo_3.jpg in Resources */ = {isa = PBXBuildFile; fileRef = B5EBD4F11C4646CD00ACB338 /* logo_3.jpg */; };
		B5EBD4FB1C4646CD00ACB338 /* logo_4.jpg in Resources */ = {isa = PBXBuildFile; fileRef = B5EBD4F21C4646CD00ACB338 /* logo_4.jpg */; };
		B5EBD4FC1C4646CD00ACB338 /* logo_5.jpg in Resources */ = {isa = PBXBuildFile; fileRef = B5EBD4F31C4646CD00ACB338 /* logo_5.jpg */; };
		B5EBD4FD1C4646CD00ACB338 /* logo_6.jpg in Resources */ = {isa = PBXBuildFile; fileRef = B5EBD4F41C4646CD00ACB338 /* logo_6.jpg */; };
		B5EBD4FE1C4646CD00ACB338 /* logo_7.jpg in Resources */ = {isa = PBXBuildFile; fileRef = B5EBD4F51C4646CD00ACB338 /* logo_7.jpg */; };
		B5EBD5011C46476200ACB338 /* SuModel.m in Sources */ = {isa = PBXBuildFile; fileRef = B5EBD5001C46476200ACB338 /* SuModel.m */; };
/* End PBXBuildFile section */

/* Begin PBXFileReference section */
		B54B38D41C45597D00C01729 /* SuCell.app */ = {isa = PBXFileReference; explicitFileType = wrapper.application; includeInIndex = 0; path = SuCell.app; sourceTree = BUILT_PRODUCTS_DIR; };
		B54B38D81C45597D00C01729 /* main.m */ = {isa = PBXFileReference; lastKnownFileType = sourcecode.c.objc; path = main.m; sourceTree = "<group>"; };
		B54B38DA1C45597D00C01729 /* AppDelegate.h */ = {isa = PBXFileReference; lastKnownFileType = sourcecode.c.h; path = AppDelegate.h; sourceTree = "<group>"; };
		B54B38DB1C45597D00C01729 /* AppDelegate.m */ = {isa = PBXFileReference; lastKnownFileType = sourcecode.c.objc; path = AppDelegate.m; sourceTree = "<group>"; };
		B54B38DD1C45597D00C01729 /* ViewController.h */ = {isa = PBXFileReference; lastKnownFileType = sourcecode.c.h; path = ViewController.h; sourceTree = "<group>"; };
		B54B38DE1C45597D00C01729 /* ViewController.m */ = {isa = PBXFileReference; lastKnownFileType = sourcecode.c.objc; path = ViewController.m; sourceTree = "<group>"; };
		B54B38E11C45597D00C01729 /* Base */ = {isa = PBXFileReference; lastKnownFileType = file.storyboard; name = Base; path = Base.lproj/Main.storyboard; sourceTree = "<group>"; };
		B54B38E31C45597D00C01729 /* Assets.xcassets */ = {isa = PBXFileReference; lastKnownFileType = folder.assetcatalog; path = Assets.xcassets; sourceTree = "<group>"; };
		B54B38E61C45597D00C01729 /* Base */ = {isa = PBXFileReference; lastKnownFileType = file.storyboard; name = Base; path = Base.lproj/LaunchScreen.storyboard; sourceTree = "<group>"; };
		B54B38E81C45597D00C01729 /* Info.plist */ = {isa = PBXFileReference; lastKnownFileType = text.plist.xml; path = Info.plist; sourceTree = "<group>"; };
		B5EBD4E91C46468000ACB338 /* SuCollectionViewCell.h */ = {isa = PBXFileReference; fileEncoding = 4; lastKnownFileType = sourcecode.c.h; path = SuCollectionViewCell.h; sourceTree = "<group>"; };
		B5EBD4EA1C46468000ACB338 /* SuCollectionViewCell.m */ = {isa = PBXFileReference; fileEncoding = 4; lastKnownFileType = sourcecode.c.objc; path = SuCollectionViewCell.m; sourceTree = "<group>"; };
		B5EBD4ED1C4646CD00ACB338 /* Channel.plist */ = {isa = PBXFileReference; fileEncoding = 4; lastKnownFileType = text.plist.xml; path = Channel.plist; sourceTree = "<group>"; };
		B5EBD4EE1C4646CD00ACB338 /* logo_0.jpg */ = {isa = PBXFileReference; lastKnownFileType = image.jpeg; path = logo_0.jpg; sourceTree = "<group>"; };
		B5EBD4EF1C4646CD00ACB338 /* logo_1.jpg */ = {isa = PBXFileReference; lastKnownFileType = image.jpeg; path = logo_1.jpg; sourceTree = "<group>"; };
		B5EBD4F01C4646CD00ACB338 /* logo_2.jpg */ = {isa = PBXFileReference; lastKnownFileType = image.jpeg; path = logo_2.jpg; sourceTree = "<group>"; };
		B5EBD4F11C4646CD00ACB338 /* logo_3.jpg */ = {isa = PBXFileReference; lastKnownFileType = image.jpeg; path = logo_3.jpg; sourceTree = "<group>"; };
		B5EBD4F21C4646CD00ACB338 /* logo_4.jpg */ = {isa = PBXFileReference; lastKnownFileType = image.jpeg; path = logo_4.jpg; sourceTree = "<group>"; };
		B5EBD4F31C4646CD00ACB338 /* logo_5.jpg */ = {isa = PBXFileReference; lastKnownFileType = image.jpeg; path = logo_5.jpg; sourceTree = "<group>"; };
		B5EBD4F41C4646CD00ACB338 /* logo_6.jpg */ = {isa = PBXFileReference; lastKnownFileType = image.jpeg; path = logo_6.jpg; sourceTree = "<group>"; };
		B5EBD4F51C4646CD00ACB338 /* logo_7.jpg */ = {isa = PBXFileReference; lastKnownFileType = image.jpeg; path = logo_7.jpg; sourceTree = "<group>"; };
		B5EBD4FF1C46476200ACB338 /* SuModel.h */ = {isa = PBXFileReference; fileEncoding = 4; lastKnownFileType = sourcecode.c.h; path = SuModel.h; sourceTree = "<group>"; };
		B5EBD5001C46476200ACB338 /* SuModel.m */ = {isa = PBXFileReference; fileEncoding = 4; lastKnownFileType = sourcecode.c.objc; path = SuModel.m; sourceTree = "<group>"; };
/* End PBXFileReference section */

/* Begin PBXFrameworksBuildPhase section */
		B54B38D11C45597D00C01729 /* Frameworks */ = {
			isa = PBXFrameworksBuildPhase;
			buildActionMask = 2147483647;
			files = (
			);
			runOnlyForDeploymentPostprocessing = 0;
		};
/* End PBXFrameworksBuildPhase section */

/* Begin PBXGroup section */
		B54B38CB1C45597D00C01729 = {
			isa = PBXGroup;
			children = (
				B54B38D61C45597D00C01729 /* SuCell */,
				B54B38D51C45597D00C01729 /* Products */,
			);
			sourceTree = "<group>";
		};
		B54B38D51C45597D00C01729 /* Products */ = {
			isa = PBXGroup;
			children = (
				B54B38D41C45597D00C01729 /* SuCell.app */,
			);
			name = Products;
			sourceTree = "<group>";
		};
		B54B38D61C45597D00C01729 /* SuCell */ = {
			isa = PBXGroup;
			children = (
				B5EBD5041C46477600ACB338 /* Controller */,
				B5EBD5031C46476F00ACB338 /* View */,
				B5EBD5021C46476700ACB338 /* Model */,
				B54B38DA1C45597D00C01729 /* AppDelegate.h */,
				B54B38DB1C45597D00C01729 /* AppDelegate.m */,
				B54B38E01C45597D00C01729 /* Main.storyboard */,
				B5EBD4EC1C46469400ACB338 /* Resource */,
				B54B38E31C45597D00C01729 /* Assets.xcassets */,
				B54B38E51C45597D00C01729 /* LaunchScreen.storyboard */,
				B54B38E81C45597D00C01729 /* Info.plist */,
				B54B38D71C45597D00C01729 /* Supporting Files */,
			);
			path = SuCell;
			sourceTree = "<group>";
		};
		B54B38D71C45597D00C01729 /* Supporting Files */ = {
			isa = PBXGroup;
			children = (
				B54B38D81C45597D00C01729 /* main.m */,
			);
			name = "Supporting Files";
			sourceTree = "<group>";
		};
		B5EBD4EC1C46469400ACB338 /* Resource */ = {
			isa = PBXGroup;
			children = (
				B5EBD4ED1C4646CD00ACB338 /* Channel.plist */,
				B5EBD4EE1C4646CD00ACB338 /* logo_0.jpg */,
				B5EBD4EF1C4646CD00ACB338 /* logo_1.jpg */,
				B5EBD4F01C4646CD00ACB338 /* logo_2.jpg */,
				B5EBD4F11C4646CD00ACB338 /* logo_3.jpg */,
				B5EBD4F21C4646CD00ACB338 /* logo_4.jpg */,
				B5EBD4F31C4646CD00ACB338 /* logo_5.jpg */,
				B5EBD4F41C4646CD00ACB338 /* logo_6.jpg */,
				B5EBD4F51C4646CD00ACB338 /* logo_7.jpg */,
			);
			name = Resource;
			sourceTree = "<group>";
		};
		B5EBD5021C46476700ACB338 /* Model */ = {
			isa = PBXGroup;
			children = (
				B5EBD4FF1C46476200ACB338 /* SuModel.h */,
				B5EBD5001C46476200ACB338 /* SuModel.m */,
			);
			name = Model;
			sourceTree = "<group>";
		};
		B5EBD5031C46476F00ACB338 /* View */ = {
			isa = PBXGroup;
			children = (
				B5EBD4E91C46468000ACB338 /* SuCollectionViewCell.h */,
				B5EBD4EA1C46468000ACB338 /* SuCollectionViewCell.m */,
			);
			name = View;
			sourceTree = "<group>";
		};
		B5EBD5041C46477600ACB338 /* Controller */ = {
			isa = PBXGroup;
			children = (
				B54B38DD1C45597D00C01729 /* ViewController.h */,
				B54B38DE1C45597D00C01729 /* ViewController.m */,
			);
			name = Controller;
			sourceTree = "<group>";
		};
/* End PBXGroup section */

/* Begin PBXNativeTarget section */
		B54B38D31C45597D00C01729 /* SuCell */ = {
			isa = PBXNativeTarget;
			buildConfigurationList = B54B38EB1C45597D00C01729 /* Build configuration list for PBXNativeTarget "SuCell" */;
			buildPhases = (
				B54B38D01C45597D00C01729 /* Sources */,
				B54B38D11C45597D00C01729 /* Frameworks */,
				B54B38D21C45597D00C01729 /* Resources */,
			);
			buildRules = (
			);
			dependencies = (
			);
			name = SuCell;
			productName = SuCell;
			productReference = B54B38D41C45597D00C01729 /* SuCell.app */;
			productType = "com.apple.product-type.application";
		};
/* End PBXNativeTarget section */

/* Begin PBXProject section */
		B54B38CC1C45597D00C01729 /* Project object */ = {
			isa = PBXProject;
			attributes = {
				LastUpgradeCheck = 0720;
				ORGANIZATIONNAME = abel;
				TargetAttributes = {
					B54B38D31C45597D00C01729 = {
						CreatedOnToolsVersion = 7.2;
						DevelopmentTeam = AAAX54XHMU;
					};
				};
			};
			buildConfigurationList = B54B38CF1C45597D00C01729 /* Build configuration list for PBXProject "SuCell" */;
			compatibilityVersion = "Xcode 3.2";
			developmentRegion = English;
			hasScannedForEncodings = 0;
			knownRegions = (
				en,
				Base,
			);
			mainGroup = B54B38CB1C45597D00C01729;
			productRefGroup = B54B38D51C45597D00C01729 /* Products */;
			projectDirPath = "";
			projectRoot = "";
			targets = (
				B54B38D31C45597D00C01729 /* SuCell */,
			);
		};
/* End PBXProject section */

/* Begin PBXResourcesBuildPhase section */
		B54B38D21C45597D00C01729 /* Resources */ = {
			isa = PBXResourcesBuildPhase;
			buildActionMask = 2147483647;
			files = (
				B5EBD4F61C4646CD00ACB338 /* Channel.plist in Resources */,
				B54B38E71C45597D00C01729 /* LaunchScreen.storyboard in Resources */,
				B5EBD4FC1C4646CD00ACB338 /* logo_5.jpg in Resources */,
				B5EBD4F71C4646CD00ACB338 /* logo_0.jpg in Resources */,
				B5EBD4FE1C4646CD00ACB338 /* logo_7.jpg in Resources */,
				B54B38E41C45597D00C01729 /* Assets.xcassets in Resources */,
				B5EBD4FA1C4646CD00ACB338 /* logo_3.jpg in Resources */,
				B5EBD4F81C4646CD00ACB338 /* logo_1.jpg in Resources */,
				B5EBD4F91C4646CD00ACB338 /* logo_2.jpg in Resources */,
				B5EBD4FB1C4646CD00ACB338 /* logo_4.jpg in Resources */,
				B5EBD4FD1C4646CD00ACB338 /* logo_6.jpg in Resources */,
				B54B38E21C45597D00C01729 /* Main.storyboard in Resources */,
			);
			runOnlyForDeploymentPostprocessing = 0;
		};
/* End PBXResourcesBuildPhase section */

/* Begin PBXSourcesBuildPhase section */
		B54B38D01C45597D00C01729 /* Sources */ = {
			isa = PBXSourcesBuildPhase;
			buildActionMask = 2147483647;
			files = (
				B5EBD4EB1C46468000ACB338 /* SuCollectionViewCell.m in Sources */,
				B54B38DF1C45597D00C01729 /* ViewController.m in Sources */,
				B5EBD5011C46476200ACB338 /* SuModel.m in Sources */,
				B54B38DC1C45597D00C01729 /* AppDelegate.m in Sources */,
				B54B38D91C45597D00C01729 /* main.m in Sources */,
			);
			runOnlyForDeploymentPostprocessing = 0;
		};
/* End PBXSourcesBuildPhase section */

/* Begin PBXVariantGroup section */
		B54B38E01C45597D00C01729 /* Main.storyboard */ = {
			isa = PBXVariantGroup;
			children = (
				B54B38E11C45597D00C01729 /* Base */,
			);
			name = Main.storyboard;
			sourceTree = "<group>";
		};
		B54B38E51C45597D00C01729 /* LaunchScreen.storyboard */ = {
			isa = PBXVariantGroup;
			children = (
				B54B38E61C45597D00C01729 /* Base */,
			);
			name = LaunchScreen.storyboard;
			sourceTree = "<group>";
		};
/* End PBXVariantGroup section */

/* Begin XCBuildConfiguration section */
		B54B38E91C45597D00C01729 /* Debug */ = {
			isa = XCBuildConfiguration;
			buildSettings = {
				ALWAYS_SEARCH_USER_PATHS = NO;
				CLANG_CXX_LANGUAGE_STANDARD = "gnu++0x";
				CLANG_CXX_LIBRARY = "libc++";
				CLANG_ENABLE_MODULES = YES;
				CLANG_ENABLE_OBJC_ARC = YES;
				CLANG_WARN_BOOL_CONVERSION = YES;
				CLANG_WARN_CONSTANT_CONVERSION = YES;
				CLANG_WARN_DIRECT_OBJC_ISA_USAGE = YES_ERROR;
				CLANG_WARN_EMPTY_BODY = YES;
				CLANG_WARN_ENUM_CONVERSION = YES;
				CLANG_WARN_INT_CONVERSION = YES;
				CLANG_WARN_OBJC_ROOT_CLASS = YES_ERROR;
				CLANG_WARN_UNREACHABLE_CODE = YES;
				CLANG_WARN__DUPLICATE_METHOD_MATCH = YES;
				"CODE_SIGN_IDENTITY[sdk=iphoneos*]" = "iPhone Developer";
				COPY_PHASE_STRIP = NO;
				DEBUG_INFORMATION_FORMAT = dwarf;
				ENABLE_STRICT_OBJC_MSGSEND = YES;
				ENABLE_TESTABILITY = YES;
				GCC_C_LANGUAGE_STANDARD = gnu99;
				GCC_DYNAMIC_NO_PIC = NO;
				GCC_NO_COMMON_BLOCKS = YES;
				GCC_OPTIMIZATION_LEVEL = 0;
				GCC_PREPROCESSOR_DEFINITIONS = (
					"DEBUG=1",
					"$(inherited)",
				);
				GCC_WARN_64_TO_32_BIT_CONVERSION = YES;
				GCC_WARN_ABOUT_RETURN_TYPE = YES_ERROR;
				GCC_WARN_UNDECLARED_SELECTOR = YES;
				GCC_WARN_UNINITIALIZED_AUTOS = YES_AGGRESSIVE;
				GCC_WARN_UNUSED_FUNCTION = YES;
				GCC_WARN_UNUSED_VARIABLE = YES;
				IPHONEOS_DEPLOYMENT_TARGET = 9.2;
				MTL_ENABLE_DEBUG_INFO = YES;
				ONLY_ACTIVE_ARCH = YES;
				SDKROOT = iphoneos;
			};
			name = Debug;
		};
		B54B38EA1C45597D00C01729 /* Release */ = {
			isa = XCBuildConfiguration;
			buildSettings = {
				ALWAYS_SEARCH_USER_PATHS = NO;
				CLANG_CXX_LANGUAGE_STANDARD = "gnu++0x";
				CLANG_CXX_LIBRARY = "libc++";
				CLANG_ENABLE_MODULES = YES;
				CLANG_ENABLE_OBJC_ARC = YES;
				CLANG_WARN_BOOL_CONVERSION = YES;
				CLANG_WARN_CONSTANT_CONVERSION = YES;
				CLANG_WARN_DIRECT_OBJC_ISA_USAGE = YES_ERROR;
				CLANG_WARN_EMPTY_BODY = YES;
				CLANG_WARN_ENUM_CONVERSION = YES;
				CLANG_WARN_INT_CONVERSION = YES;
				CLANG_WARN_OBJC_ROOT_CLASS = YES_ERROR;
				CLANG_WARN_UNREACHABLE_CODE = YES;
				CLANG_WARN__DUPLICATE_METHOD_MATCH = YES;
				"CODE_SIGN_IDENTITY[sdk=iphoneos*]" = "iPhone Developer";
				COPY_PHASE_STRIP = NO;
				DEBUG_INFORMATION_FORMAT = "dwarf-with-dsym";
				ENABLE_NS_ASSERTIONS = NO;
				ENABLE_STRICT_OBJC_MSGSEND = YES;
				GCC_C_LANGUAGE_STANDARD = gnu99;
				GCC_NO_COMMON_BLOCKS = YES;
				GCC_WARN_64_TO_32_BIT_CONVERSION = YES;
				GCC_WARN_ABOUT_RETURN_TYPE = YES_ERROR;
				GCC_WARN_UNDECLARED_SELECTOR = YES;
				GCC_WARN_UNINITIALIZED_AUTOS = YES_AGGRESSIVE;
				GCC_WARN_UNUSED_FUNCTION = YES;
				GCC_WARN_UNUSED_VARIABLE = YES;
				IPHONEOS_DEPLOYMENT_TARGET = 9.2;
				MTL_ENABLE_DEBUG_INFO = NO;
				SDKROOT = iphoneos;
				VALIDATE_PRODUCT = YES;
			};
			name = Release;
		};
		B54B38EC1C45597D00C01729 /* Debug */ = {
			isa = XCBuildConfiguration;
			buildSettings = {
				ASSETCATALOG_COMPILER_APPICON_NAME = AppIcon;
				INFOPLIST_FILE = SuCell/Info.plist;
				LD_RUNPATH_SEARCH_PATHS = "$(inherited) @executable_path/Frameworks";
				PRODUCT_BUNDLE_IDENTIFIER = com.abel.SuCell;
				PRODUCT_NAME = "$(TARGET_NAME)";
			};
			name = Debug;
		};
		B54B38ED1C45597D00C01729 /* Release */ = {
			isa = XCBuildConfiguration;
			buildSettings = {
				ASSETCATALOG_COMPILER_APPICON_NAME = AppIcon;
				INFOPLIST_FILE = SuCell/Info.plist;
				LD_RUNPATH_SEARCH_PATHS = "$(inherited) @executable_path/Frameworks";
				PRODUCT_BUNDLE_IDENTIFIER = com.abel.SuCell;
				PRODUCT_NAME = "$(TARGET_NAME)";
			};
			name = Release;
		};
/* End XCBuildConfiguration section */

/* Begin XCConfigurationList section */
		B54B38CF1C45597D00C01729 /* Build configuration list for PBXProject "SuCell" */ = {
			isa = XCConfigurationList;
			buildConfigurations = (
				B54B38E91C45597D00C01729 /* Debug */,
				B54B38EA1C45597D00C01729 /* Release */,
			);
			defaultConfigurationIsVisible = 0;
			defaultConfigurationName = Release;
		};
		B54B38EB1C45597D00C01729 /* Build configuration list for PBXNativeTarget "SuCell" */ = {
			isa = XCConfigurationList;
			buildConfigurations = (
				B54B38EC1C45597D00C01729 /* Debug */,
				B54B38ED1C45597D00C01729 /* Release */,
			);
			defaultConfigurationIsVisible = 0;
			defaultConfigurationName = Release;
		};
/* End XCConfigurationList section */
	};
	rootObject = B54B38CC1C45597D00C01729 /* Project object */;
}
